
Microsoft Visual Studio Solution File, Format Version 12.00
# Visual Studio Version 16
VisualStudioVersion = 16.0.30523.141
MinimumVisualStudioVersion = 10.0.40219.1
Project("{FAE04EC0-301F-11D3-BF4B-00C04F79EFBC}") = "Clasa ComplexD", "Clasa ComplexD.csproj", "{6E7D4AE1-20FA-45E3-BCD9-A3301DF6968B}"
EndProject
Global
	GlobalSection(SolutionConfigurationPlatforms) = preSolution
		Debug|Any CPU = Debug|Any CPU
		Release|Any CPU = Release|Any CPU
	EndGlobalSection
	GlobalSection(ProjectConfigurationPlatforms) = postSolution
		{6E7D4AE1-20FA-45E3-BCD9-A3301DF6968B}.Debug|Any CPU.ActiveCfg = Debug|Any CPU
		{6E7D4AE1-20FA-45E3-BCD9-A3301DF6968B}.Debug|Any CPU.Build.0 = Debug|Any CPU
		{6E7D4AE1-20FA-45E3-BCD9-A3301DF6968B}.Release|Any CPU.ActiveCfg = Release|Any CPU
		{6E7D4AE1-20FA-45E3-BCD9-A3301DF6968B}.Release|Any CPU.Build.0 = Release|Any CPU
	EndGlobalSection
	GlobalSection(SolutionProperties) = preSolution
		HideSolutionNode = FALSE
	EndGlobalSection
	GlobalSection(ExtensibilityGlobals) = postSolution
		SolutionGuid = {4E778C11-36AA-41E0-88EA-92983E1D034C}
	EndGlobalSection
EndGlobal
