
Microsoft Visual Studio Solution File, Format Version 12.00
# Visual Studio Version 16
VisualStudioVersion = 16.0.30523.141
MinimumVisualStudioVersion = 10.0.40219.1
Project("{FAE04EC0-301F-11D3-BF4B-00C04F79EFBC}") = "Clasa Matrici", "Clasa Matrici.csproj", "{09F28CCC-83FA-41CC-BCCF-80D2268FA84A}"
EndProject
Global
	GlobalSection(SolutionConfigurationPlatforms) = preSolution
		Debug|Any CPU = Debug|Any CPU
		Release|Any CPU = Release|Any CPU
	EndGlobalSection
	GlobalSection(ProjectConfigurationPlatforms) = postSolution
		{09F28CCC-83FA-41CC-BCCF-80D2268FA84A}.Debug|Any CPU.ActiveCfg = Debug|Any CPU
		{09F28CCC-83FA-41CC-BCCF-80D2268FA84A}.Debug|Any CPU.Build.0 = Debug|Any CPU
		{09F28CCC-83FA-41CC-BCCF-80D2268FA84A}.Release|Any CPU.ActiveCfg = Release|Any CPU
		{09F28CCC-83FA-41CC-BCCF-80D2268FA84A}.Release|Any CPU.Build.0 = Release|Any CPU
	EndGlobalSection
	GlobalSection(SolutionProperties) = preSolution
		HideSolutionNode = FALSE
	EndGlobalSection
	GlobalSection(ExtensibilityGlobals) = postSolution
		SolutionGuid = {5A81F212-0449-4444-B3D3-722024276D85}
	EndGlobalSection
EndGlobal
